
Microsoft Visual Studio Solution File, Format Version 12.00
# Visual Studio Version 17
VisualStudioVersion = 17.9.34728.123
MinimumVisualStudioVersion = 10.0.40219.1
Project("{2150E333-8FDC-42A3-9474-1A3956D46DE8}") = "Services", "Services", "{2BF1968F-263D-417A-9469-E497B2D019AE}"
EndProject
Project("{2150E333-8FDC-42A3-9474-1A3956D46DE8}") = "Catalog", "Catalog", "{9BBF7CAC-0E4A-4438-A00A-EA7E13A675FC}"
EndProject
Project("{FAE04EC0-301F-11D3-BF4B-00C04F79EFBC}") = "Catalog.WebApi", "Services\Catalog\Catalog.WebApi\Catalog.WebApi.csproj", "{23FC93A9-E302-4635-AB86-8DEE0378E5A8}"
	ProjectSection(ProjectDependencies) = postProject
		{279E0A69-0D53-4D36-8E54-22BF6A25F583} = {279E0A69-0D53-4D36-8E54-22BF6A25F583}
		{9FB78D39-2639-4B7E-BD2F-628BBCFAE4F2} = {9FB78D39-2639-4B7E-BD2F-628BBCFAE4F2}
	EndProjectSection
EndProject
Project("{FAE04EC0-301F-11D3-BF4B-00C04F79EFBC}") = "Persistence", "Services\Catalog\Persistence\Persistence.csproj", "{FE13BC39-9BAC-45BC-A9B2-7E826DD89223}"
EndProject
Project("{FAE04EC0-301F-11D3-BF4B-00C04F79EFBC}") = "Domain", "Services\Catalog\Domain\Domain.csproj", "{279E0A69-0D53-4D36-8E54-22BF6A25F583}"
EndProject
Project("{FAE04EC0-301F-11D3-BF4B-00C04F79EFBC}") = "Application", "Services\Catalog\Application\Application.csproj", "{375A1B7B-F185-4526-90B6-44F2C9E24389}"
EndProject
Project("{FAE04EC0-301F-11D3-BF4B-00C04F79EFBC}") = "Infrastructure", "Services\Catalog\Infrastructure\Infrastructure.csproj", "{9FB78D39-2639-4B7E-BD2F-628BBCFAE4F2}"
EndProject
Project("{FAE04EC0-301F-11D3-BF4B-00C04F79EFBC}") = "Base.Persistence", "Services\Catalog\Base.Persistence\Base.Persistence.csproj", "{5E35D4C5-24EC-4FF2-95C1-9583D2F1E6DC}"
EndProject
Project("{FAE04EC0-301F-11D3-BF4B-00C04F79EFBC}") = "Base.Application", "Services\Catalog\Base.Application\Base.Application.csproj", "{A46BD310-E4B0-438A-B559-DB46911CC8FC}"
EndProject
Project("{FAE04EC0-301F-11D3-BF4B-00C04F79EFBC}") = "Base.CrossCuttingConcerns", "Services\Catalog\Base.CrossCuttingConcerns\Base.CrossCuttingConcerns.csproj", "{A36AE6A9-504D-478E-B228-D8F9AD65EA56}"
EndProject
Project("{2150E333-8FDC-42A3-9474-1A3956D46DE8}") = "Identity", "Identity", "{092AA85D-01C8-4DCA-975D-23718670245B}"
EndProject
Project("{FAE04EC0-301F-11D3-BF4B-00C04F79EFBC}") = "Identity.API", "Services\Identity\Identity.API\Identity.API.csproj", "{55A97CCC-FFCC-4B83-A9DF-7F32839A15EA}"
EndProject
Project("{2150E333-8FDC-42A3-9474-1A3956D46DE8}") = "Aspire", "Aspire", "{7B1B4A6C-28A3-4AB0-9D7A-FBCC73CE0005}"
EndProject
Project("{FAE04EC0-301F-11D3-BF4B-00C04F79EFBC}") = "ServiceDefaults", "Aspire\ServiceDefaults\ServiceDefaults.csproj", "{ED975905-6C99-4240-B0A3-1BB16324041A}"
EndProject
Project("{FAE04EC0-301F-11D3-BF4B-00C04F79EFBC}") = "AppHost", "Aspire\AppHost\AppHost.csproj", "{3C9A6DB7-2488-4DE6-A902-B56B86660C0B}"
EndProject
Project("{2150E333-8FDC-42A3-9474-1A3956D46DE8}") = "Filter", "Filter", "{31F098EA-23A2-4EB8-A2FA-9513A0391439}"
EndProject
Project("{FAE04EC0-301F-11D3-BF4B-00C04F79EFBC}") = "Filter.WebApi", "Services\Filter.WebApi\Filter.WebApi.csproj", "{081A9362-024E-42B1-B060-D0DB58D160CF}"
EndProject
Project("{2150E333-8FDC-42A3-9474-1A3956D46DE8}") = "Contracts", "Contracts", "{4B7C844E-FD3E-4F1A-835E-A295AB2BCDF6}"
EndProject
Project("{2150E333-8FDC-42A3-9474-1A3956D46DE8}") = "ApiGateway", "ApiGateway", "{95D792AB-FA7A-466F-843E-0A5994865CC5}"
EndProject
Project("{FAE04EC0-301F-11D3-BF4B-00C04F79EFBC}") = "OcelotGateway", "ApiGateway\OcelotGateway\OcelotGateway.csproj", "{966AF3B5-2BC5-4F1D-937D-645C92B4B97D}"
EndProject
Project("{FAE04EC0-301F-11D3-BF4B-00C04F79EFBC}") = "Contracts", "Contracts\Contracts.csproj", "{9E9BDBE1-F600-4040-9F87-59C1CF7F6890}"
EndProject
Global
	GlobalSection(SolutionConfigurationPlatforms) = preSolution
		Debug|Any CPU = Debug|Any CPU
		Release|Any CPU = Release|Any CPU
	EndGlobalSection
	GlobalSection(ProjectConfigurationPlatforms) = postSolution
		{23FC93A9-E302-4635-AB86-8DEE0378E5A8}.Debug|Any CPU.ActiveCfg = Debug|Any CPU
		{23FC93A9-E302-4635-AB86-8DEE0378E5A8}.Debug|Any CPU.Build.0 = Debug|Any CPU
		{23FC93A9-E302-4635-AB86-8DEE0378E5A8}.Release|Any CPU.ActiveCfg = Release|Any CPU
		{23FC93A9-E302-4635-AB86-8DEE0378E5A8}.Release|Any CPU.Build.0 = Release|Any CPU
		{FE13BC39-9BAC-45BC-A9B2-7E826DD89223}.Debug|Any CPU.ActiveCfg = Debug|Any CPU
		{FE13BC39-9BAC-45BC-A9B2-7E826DD89223}.Debug|Any CPU.Build.0 = Debug|Any CPU
		{FE13BC39-9BAC-45BC-A9B2-7E826DD89223}.Release|Any CPU.ActiveCfg = Release|Any CPU
		{FE13BC39-9BAC-45BC-A9B2-7E826DD89223}.Release|Any CPU.Build.0 = Release|Any CPU
		{279E0A69-0D53-4D36-8E54-22BF6A25F583}.Debug|Any CPU.ActiveCfg = Debug|Any CPU
		{279E0A69-0D53-4D36-8E54-22BF6A25F583}.Debug|Any CPU.Build.0 = Debug|Any CPU
		{279E0A69-0D53-4D36-8E54-22BF6A25F583}.Release|Any CPU.ActiveCfg = Release|Any CPU
		{279E0A69-0D53-4D36-8E54-22BF6A25F583}.Release|Any CPU.Build.0 = Release|Any CPU
		{375A1B7B-F185-4526-90B6-44F2C9E24389}.Debug|Any CPU.ActiveCfg = Debug|Any CPU
		{375A1B7B-F185-4526-90B6-44F2C9E24389}.Debug|Any CPU.Build.0 = Debug|Any CPU
		{375A1B7B-F185-4526-90B6-44F2C9E24389}.Release|Any CPU.ActiveCfg = Release|Any CPU
		{375A1B7B-F185-4526-90B6-44F2C9E24389}.Release|Any CPU.Build.0 = Release|Any CPU
		{9FB78D39-2639-4B7E-BD2F-628BBCFAE4F2}.Debug|Any CPU.ActiveCfg = Debug|Any CPU
		{9FB78D39-2639-4B7E-BD2F-628BBCFAE4F2}.Debug|Any CPU.Build.0 = Debug|Any CPU
		{9FB78D39-2639-4B7E-BD2F-628BBCFAE4F2}.Release|Any CPU.ActiveCfg = Release|Any CPU
		{9FB78D39-2639-4B7E-BD2F-628BBCFAE4F2}.Release|Any CPU.Build.0 = Release|Any CPU
		{5E35D4C5-24EC-4FF2-95C1-9583D2F1E6DC}.Debug|Any CPU.ActiveCfg = Debug|Any CPU
		{5E35D4C5-24EC-4FF2-95C1-9583D2F1E6DC}.Debug|Any CPU.Build.0 = Debug|Any CPU
		{5E35D4C5-24EC-4FF2-95C1-9583D2F1E6DC}.Release|Any CPU.ActiveCfg = Release|Any CPU
		{5E35D4C5-24EC-4FF2-95C1-9583D2F1E6DC}.Release|Any CPU.Build.0 = Release|Any CPU
		{A46BD310-E4B0-438A-B559-DB46911CC8FC}.Debug|Any CPU.ActiveCfg = Debug|Any CPU
		{A46BD310-E4B0-438A-B559-DB46911CC8FC}.Debug|Any CPU.Build.0 = Debug|Any CPU
		{A46BD310-E4B0-438A-B559-DB46911CC8FC}.Release|Any CPU.ActiveCfg = Release|Any CPU
		{A46BD310-E4B0-438A-B559-DB46911CC8FC}.Release|Any CPU.Build.0 = Release|Any CPU
		{A36AE6A9-504D-478E-B228-D8F9AD65EA56}.Debug|Any CPU.ActiveCfg = Debug|Any CPU
		{A36AE6A9-504D-478E-B228-D8F9AD65EA56}.Debug|Any CPU.Build.0 = Debug|Any CPU
		{A36AE6A9-504D-478E-B228-D8F9AD65EA56}.Release|Any CPU.ActiveCfg = Release|Any CPU
		{A36AE6A9-504D-478E-B228-D8F9AD65EA56}.Release|Any CPU.Build.0 = Release|Any CPU
		{55A97CCC-FFCC-4B83-A9DF-7F32839A15EA}.Debug|Any CPU.ActiveCfg = Debug|Any CPU
		{55A97CCC-FFCC-4B83-A9DF-7F32839A15EA}.Debug|Any CPU.Build.0 = Debug|Any CPU
		{55A97CCC-FFCC-4B83-A9DF-7F32839A15EA}.Release|Any CPU.ActiveCfg = Release|Any CPU
		{55A97CCC-FFCC-4B83-A9DF-7F32839A15EA}.Release|Any CPU.Build.0 = Release|Any CPU
		{ED975905-6C99-4240-B0A3-1BB16324041A}.Debug|Any CPU.ActiveCfg = Debug|Any CPU
		{ED975905-6C99-4240-B0A3-1BB16324041A}.Debug|Any CPU.Build.0 = Debug|Any CPU
		{ED975905-6C99-4240-B0A3-1BB16324041A}.Release|Any CPU.ActiveCfg = Release|Any CPU
		{ED975905-6C99-4240-B0A3-1BB16324041A}.Release|Any CPU.Build.0 = Release|Any CPU
		{3C9A6DB7-2488-4DE6-A902-B56B86660C0B}.Debug|Any CPU.ActiveCfg = Debug|Any CPU
		{3C9A6DB7-2488-4DE6-A902-B56B86660C0B}.Debug|Any CPU.Build.0 = Debug|Any CPU
		{3C9A6DB7-2488-4DE6-A902-B56B86660C0B}.Release|Any CPU.ActiveCfg = Release|Any CPU
		{3C9A6DB7-2488-4DE6-A902-B56B86660C0B}.Release|Any CPU.Build.0 = Release|Any CPU
		{081A9362-024E-42B1-B060-D0DB58D160CF}.Debug|Any CPU.ActiveCfg = Debug|Any CPU
		{081A9362-024E-42B1-B060-D0DB58D160CF}.Debug|Any CPU.Build.0 = Debug|Any CPU
		{081A9362-024E-42B1-B060-D0DB58D160CF}.Release|Any CPU.ActiveCfg = Release|Any CPU
		{081A9362-024E-42B1-B060-D0DB58D160CF}.Release|Any CPU.Build.0 = Release|Any CPU
		{966AF3B5-2BC5-4F1D-937D-645C92B4B97D}.Debug|Any CPU.ActiveCfg = Debug|Any CPU
		{966AF3B5-2BC5-4F1D-937D-645C92B4B97D}.Debug|Any CPU.Build.0 = Debug|Any CPU
		{966AF3B5-2BC5-4F1D-937D-645C92B4B97D}.Release|Any CPU.ActiveCfg = Release|Any CPU
		{966AF3B5-2BC5-4F1D-937D-645C92B4B97D}.Release|Any CPU.Build.0 = Release|Any CPU
		{9E9BDBE1-F600-4040-9F87-59C1CF7F6890}.Debug|Any CPU.ActiveCfg = Debug|Any CPU
		{9E9BDBE1-F600-4040-9F87-59C1CF7F6890}.Debug|Any CPU.Build.0 = Debug|Any CPU
		{9E9BDBE1-F600-4040-9F87-59C1CF7F6890}.Release|Any CPU.ActiveCfg = Release|Any CPU
		{9E9BDBE1-F600-4040-9F87-59C1CF7F6890}.Release|Any CPU.Build.0 = Release|Any CPU
	EndGlobalSection
	GlobalSection(SolutionProperties) = preSolution
		HideSolutionNode = FALSE
	EndGlobalSection
	GlobalSection(NestedProjects) = preSolution
		{9BBF7CAC-0E4A-4438-A00A-EA7E13A675FC} = {2BF1968F-263D-417A-9469-E497B2D019AE}
		{23FC93A9-E302-4635-AB86-8DEE0378E5A8} = {9BBF7CAC-0E4A-4438-A00A-EA7E13A675FC}
		{FE13BC39-9BAC-45BC-A9B2-7E826DD89223} = {9BBF7CAC-0E4A-4438-A00A-EA7E13A675FC}
		{279E0A69-0D53-4D36-8E54-22BF6A25F583} = {9BBF7CAC-0E4A-4438-A00A-EA7E13A675FC}
		{375A1B7B-F185-4526-90B6-44F2C9E24389} = {9BBF7CAC-0E4A-4438-A00A-EA7E13A675FC}
		{9FB78D39-2639-4B7E-BD2F-628BBCFAE4F2} = {9BBF7CAC-0E4A-4438-A00A-EA7E13A675FC}
		{5E35D4C5-24EC-4FF2-95C1-9583D2F1E6DC} = {9BBF7CAC-0E4A-4438-A00A-EA7E13A675FC}
		{A46BD310-E4B0-438A-B559-DB46911CC8FC} = {9BBF7CAC-0E4A-4438-A00A-EA7E13A675FC}
		{A36AE6A9-504D-478E-B228-D8F9AD65EA56} = {9BBF7CAC-0E4A-4438-A00A-EA7E13A675FC}
		{092AA85D-01C8-4DCA-975D-23718670245B} = {2BF1968F-263D-417A-9469-E497B2D019AE}
		{55A97CCC-FFCC-4B83-A9DF-7F32839A15EA} = {092AA85D-01C8-4DCA-975D-23718670245B}
		{ED975905-6C99-4240-B0A3-1BB16324041A} = {7B1B4A6C-28A3-4AB0-9D7A-FBCC73CE0005}
		{3C9A6DB7-2488-4DE6-A902-B56B86660C0B} = {7B1B4A6C-28A3-4AB0-9D7A-FBCC73CE0005}
		{31F098EA-23A2-4EB8-A2FA-9513A0391439} = {2BF1968F-263D-417A-9469-E497B2D019AE}
		{081A9362-024E-42B1-B060-D0DB58D160CF} = {31F098EA-23A2-4EB8-A2FA-9513A0391439}
		{966AF3B5-2BC5-4F1D-937D-645C92B4B97D} = {95D792AB-FA7A-466F-843E-0A5994865CC5}
		{9E9BDBE1-F600-4040-9F87-59C1CF7F6890} = {4B7C844E-FD3E-4F1A-835E-A295AB2BCDF6}
	EndGlobalSection
	GlobalSection(ExtensibilityGlobals) = postSolution
		SolutionGuid = {A13BC0DD-252C-42E4-B66F-5ADE6121C656}
	EndGlobalSection
EndGlobal
